
Microsoft Visual Studio Solution File, Format Version 12.00
# Visual Studio Version 16
VisualStudioVersion = 16.0.32413.511
MinimumVisualStudioVersion = 10.0.40219.1
Project("{FAE04EC0-301F-11D3-BF4B-00C04F79EFBC}") = "TCC.Estacionamento", "TCC.Estacionamento\TCC.Estacionamento.csproj", "{F4F49A60-CDEE-4ECE-8F63-D3EC9192F100}"
EndProject
Project("{FAE04EC0-301F-11D3-BF4B-00C04F79EFBC}") = "TCC.Estacionamento.Teste", "TCC.Estacionamento.Teste\TCC.Estacionamento.Teste.csproj", "{AA504073-64B7-4280-873E-8AF445222A5A}"
EndProject
Global
	GlobalSection(SolutionConfigurationPlatforms) = preSolution
		Debug|Any CPU = Debug|Any CPU
		Release|Any CPU = Release|Any CPU
	EndGlobalSection
	GlobalSection(ProjectConfigurationPlatforms) = postSolution
		{F4F49A60-CDEE-4ECE-8F63-D3EC9192F100}.Debug|Any CPU.ActiveCfg = Debug|Any CPU
		{F4F49A60-CDEE-4ECE-8F63-D3EC9192F100}.Debug|Any CPU.Build.0 = Debug|Any CPU
		{F4F49A60-CDEE-4ECE-8F63-D3EC9192F100}.Release|Any CPU.ActiveCfg = Release|Any CPU
		{F4F49A60-CDEE-4ECE-8F63-D3EC9192F100}.Release|Any CPU.Build.0 = Release|Any CPU
		{AA504073-64B7-4280-873E-8AF445222A5A}.Debug|Any CPU.ActiveCfg = Debug|Any CPU
		{AA504073-64B7-4280-873E-8AF445222A5A}.Debug|Any CPU.Build.0 = Debug|Any CPU
		{AA504073-64B7-4280-873E-8AF445222A5A}.Release|Any CPU.ActiveCfg = Release|Any CPU
		{AA504073-64B7-4280-873E-8AF445222A5A}.Release|Any CPU.Build.0 = Release|Any CPU
	EndGlobalSection
	GlobalSection(SolutionProperties) = preSolution
		HideSolutionNode = FALSE
	EndGlobalSection
	GlobalSection(ExtensibilityGlobals) = postSolution
		SolutionGuid = {3A3E2E13-8FF9-4E1E-8F39-9D5A974B2F12}
	EndGlobalSection
EndGlobal
